// !$*UTF8*$!
{
	archiveVersion = 1;
	classes = {
	};
	objectVersion = 46;
	objects = {

/* Begin PBXBuildFile section */
		55140AB91A35F8F80021CEE9 /* AppDelegate.swift in Sources */ = {isa = PBXBuildFile; fileRef = 55140AB81A35F8F80021CEE9 /* AppDelegate.swift */; };
		55140ABB1A35F8F80021CEE9 /* ViewController.swift in Sources */ = {isa = PBXBuildFile; fileRef = 55140ABA1A35F8F80021CEE9 /* ViewController.swift */; };
		55140ABD1A35F8F80021CEE9 /* Images.xcassets in Resources */ = {isa = PBXBuildFile; fileRef = 55140ABC1A35F8F80021CEE9 /* Images.xcassets */; };
		55140AC01A35F8F80021CEE9 /* Main.storyboard in Resources */ = {isa = PBXBuildFile; fileRef = 55140ABE1A35F8F80021CEE9 /* Main.storyboard */; };
		55140ACC1A35F8F80021CEE9 /* EndTermExamAdderTests.swift in Sources */ = {isa = PBXBuildFile; fileRef = 55140ACB1A35F8F80021CEE9 /* EndTermExamAdderTests.swift */; };
/* End PBXBuildFile section */

/* Begin PBXContainerItemProxy section */
		55140AC61A35F8F80021CEE9 /* PBXContainerItemProxy */ = {
			isa = PBXContainerItemProxy;
			containerPortal = 55140AAB1A35F8F80021CEE9 /* Project object */;
			proxyType = 1;
			remoteGlobalIDString = 55140AB21A35F8F80021CEE9;
			remoteInfo = EndTermExamAdder;
		};
/* End PBXContainerItemProxy section */

/* Begin PBXFileReference section */
		55140AB31A35F8F80021CEE9 /* EndTermExamAdder.app */ = {isa = PBXFileReference; explicitFileType = wrapper.application; includeInIndex = 0; path = EndTermExamAdder.app; sourceTree = BUILT_PRODUCTS_DIR; };
		55140AB71A35F8F80021CEE9 /* Info.plist */ = {isa = PBXFileReference; lastKnownFileType = text.plist.xml; path = Info.plist; sourceTree = "<group>"; };
		55140AB81A35F8F80021CEE9 /* AppDelegate.swift */ = {isa = PBXFileReference; lastKnownFileType = sourcecode.swift; path = AppDelegate.swift; sourceTree = "<group>"; };
		55140ABA1A35F8F80021CEE9 /* ViewController.swift */ = {isa = PBXFileReference; lastKnownFileType = sourcecode.swift; path = ViewController.swift; sourceTree = "<group>"; };
		55140ABC1A35F8F80021CEE9 /* Images.xcassets */ = {isa = PBXFileReference; lastKnownFileType = folder.assetcatalog; path = Images.xcassets; sourceTree = "<group>"; };
		55140ABF1A35F8F80021CEE9 /* Base */ = {isa = PBXFileReference; lastKnownFileType = file.storyboard; name = Base; path = Base.lproj/Main.storyboard; sourceTree = "<group>"; };
		55140AC51A35F8F80021CEE9 /* EndTermExamAdderTests.xctest */ = {isa = PBXFileReference; explicitFileType = wrapper.cfbundle; includeInIndex = 0; path = EndTermExamAdderTests.xctest; sourceTree = BUILT_PRODUCTS_DIR; };
		55140ACA1A35F8F80021CEE9 /* Info.plist */ = {isa = PBXFileReference; lastKnownFileType = text.plist.xml; path = Info.plist; sourceTree = "<group>"; };
		55140ACB1A35F8F80021CEE9 /* EndTermExamAdderTests.swift */ = {isa = PBXFileReference; lastKnownFileType = sourcecode.swift; path = EndTermExamAdderTests.swift; sourceTree = "<group>"; };
/* End PBXFileReference section */

/* Begin PBXFrameworksBuildPhase section */
		55140AB01A35F8F80021CEE9 /* Frameworks */ = {
			isa = PBXFrameworksBuildPhase;
			buildActionMask = 2147483647;
			files = (
			);
			runOnlyForDeploymentPostprocessing = 0;
		};
		55140AC21A35F8F80021CEE9 /* Frameworks */ = {
			isa = PBXFrameworksBuildPhase;
			buildActionMask = 2147483647;
			files = (
			);
			runOnlyForDeploymentPostprocessing = 0;
		};
/* End PBXFrameworksBuildPhase section */

/* Begin PBXGroup section */
		55140AAA1A35F8F80021CEE9 = {
			isa = PBXGroup;
			children = (
				55140AB51A35F8F80021CEE9 /* EndTermExamAdder */,
				55140AC81A35F8F80021CEE9 /* EndTermExamAdderTests */,
				55140AB41A35F8F80021CEE9 /* Products */,
			);
			sourceTree = "<group>";
		};
		55140AB41A35F8F80021CEE9 /* Products */ = {
			isa = PBXGroup;
			children = (
				55140AB31A35F8F80021CEE9 /* EndTermExamAdder.app */,
				55140AC51A35F8F80021CEE9 /* EndTermExamAdderTests.xctest */,
			);
			name = Products;
			sourceTree = "<group>";
		};
		55140AB51A35F8F80021CEE9 /* EndTermExamAdder */ = {
			isa = PBXGroup;
			children = (
				55140AB81A35F8F80021CEE9 /* AppDelegate.swift */,
				55140ABA1A35F8F80021CEE9 /* ViewController.swift */,
				55140ABC1A35F8F80021CEE9 /* Images.xcassets */,
				55140ABE1A35F8F80021CEE9 /* Main.storyboard */,
				55140AB61A35F8F80021CEE9 /* Supporting Files */,
			);
			path = EndTermExamAdder;
			sourceTree = "<group>";
		};
		55140AB61A35F8F80021CEE9 /* Supporting Files */ = {
			isa = PBXGroup;
			children = (
				55140AB71A35F8F80021CEE9 /* Info.plist */,
			);
			name = "Supporting Files";
			sourceTree = "<group>";
		};
		55140AC81A35F8F80021CEE9 /* EndTermExamAdderTests */ = {
			isa = PBXGroup;
			children = (
				55140ACB1A35F8F80021CEE9 /* EndTermExamAdderTests.swift */,
				55140AC91A35F8F80021CEE9 /* Supporting Files */,
			);
			path = EndTermExamAdderTests;
			sourceTree = "<group>";
		};
		55140AC91A35F8F80021CEE9 /* Supporting Files */ = {
			isa = PBXGroup;
			children = (
				55140ACA1A35F8F80021CEE9 /* Info.plist */,
			);
			name = "Supporting Files";
			sourceTree = "<group>";
		};
/* End PBXGroup section */

/* Begin PBXNativeTarget section */
		55140AB21A35F8F80021CEE9 /* EndTermExamAdder */ = {
			isa = PBXNativeTarget;
			buildConfigurationList = 55140ACF1A35F8F80021CEE9 /* Build configuration list for PBXNativeTarget "EndTermExamAdder" */;
			buildPhases = (
				55140AAF1A35F8F80021CEE9 /* Sources */,
				55140AB01A35F8F80021CEE9 /* Frameworks */,
				55140AB11A35F8F80021CEE9 /* Resources */,
			);
			buildRules = (
			);
			dependencies = (
			);
			name = EndTermExamAdder;
			productName = EndTermExamAdder;
			productReference = 55140AB31A35F8F80021CEE9 /* EndTermExamAdder.app */;
			productType = "com.apple.product-type.application";
		};
		55140AC41A35F8F80021CEE9 /* EndTermExamAdderTests */ = {
			isa = PBXNativeTarget;
			buildConfigurationList = 55140AD21A35F8F80021CEE9 /* Build configuration list for PBXNativeTarget "EndTermExamAdderTests" */;
			buildPhases = (
				55140AC11A35F8F80021CEE9 /* Sources */,
				55140AC21A35F8F80021CEE9 /* Frameworks */,
				55140AC31A35F8F80021CEE9 /* Resources */,
			);
			buildRules = (
			);
			dependencies = (
				55140AC71A35F8F80021CEE9 /* PBXTargetDependency */,
			);
			name = EndTermExamAdderTests;
			productName = EndTermExamAdderTests;
			productReference = 55140AC51A35F8F80021CEE9 /* EndTermExamAdderTests.xctest */;
			productType = "com.apple.product-type.bundle.unit-test";
		};
/* End PBXNativeTarget section */

/* Begin PBXProject section */
		55140AAB1A35F8F80021CEE9 /* Project object */ = {
			isa = PBXProject;
			attributes = {
				LastUpgradeCheck = 0610;
				ORGANIZATIONNAME = KoheiKanagu;
				TargetAttributes = {
					55140AB21A35F8F80021CEE9 = {
						CreatedOnToolsVersion = 6.1.1;
					};
					55140AC41A35F8F80021CEE9 = {
						CreatedOnToolsVersion = 6.1.1;
						TestTargetID = 55140AB21A35F8F80021CEE9;
					};
				};
			};
			buildConfigurationList = 55140AAE1A35F8F80021CEE9 /* Build configuration list for PBXProject "EndTermExamAdder" */;
			compatibilityVersion = "Xcode 3.2";
			developmentRegion = English;
			hasScannedForEncodings = 0;
			knownRegions = (
				en,
				Base,
			);
			mainGroup = 55140AAA1A35F8F80021CEE9;
			productRefGroup = 55140AB41A35F8F80021CEE9 /* Products */;
			projectDirPath = "";
			projectRoot = "";
			targets = (
				55140AB21A35F8F80021CEE9 /* EndTermExamAdder */,
				55140AC41A35F8F80021CEE9 /* EndTermExamAdderTests */,
			);
		};
/* End PBXProject section */

/* Begin PBXResourcesBuildPhase section */
		55140AB11A35F8F80021CEE9 /* Resources */ = {
			isa = PBXResourcesBuildPhase;
			buildActionMask = 2147483647;
			files = (
				55140ABD1A35F8F80021CEE9 /* Images.xcassets in Resources */,
				55140AC01A35F8F80021CEE9 /* Main.storyboard in Resources */,
			);
			runOnlyForDeploymentPostprocessing = 0;
		};
		55140AC31A35F8F80021CEE9 /* Resources */ = {
			isa = PBXResourcesBuildPhase;
			buildActionMask = 2147483647;
			files = (
			);
			runOnlyForDeploymentPostprocessing = 0;
		};
/* End PBXResourcesBuildPhase section */

/* Begin PBXSourcesBuildPhase section */
		55140AAF1A35F8F80021CEE9 /* Sources */ = {
			isa = PBXSourcesBuildPhase;
			buildActionMask = 2147483647;
			files = (
				55140ABB1A35F8F80021CEE9 /* ViewController.swift in Sources */,
				55140AB91A35F8F80021CEE9 /* AppDelegate.swift in Sources */,
			);
			runOnlyForDeploymentPostprocessing = 0;
		};
		55140AC11A35F8F80021CEE9 /* Sources */ = {
			isa = PBXSourcesBuildPhase;
			buildActionMask = 2147483647;
			files = (
				55140ACC1A35F8F80021CEE9 /* EndTermExamAdderTests.swift in Sources */,
			);
			runOnlyForDeploymentPostprocessing = 0;
		};
/* End PBXSourcesBuildPhase section */

/* Begin PBXTargetDependency section */
		55140AC71A35F8F80021CEE9 /* PBXTargetDependency */ = {
			isa = PBXTargetDependency;
			target = 55140AB21A35F8F80021CEE9 /* EndTermExamAdder */;
			targetProxy = 55140AC61A35F8F80021CEE9 /* PBXContainerItemProxy */;
		};
/* End PBXTargetDependency section */

/* Begin PBXVariantGroup section */
		55140ABE1A35F8F80021CEE9 /* Main.storyboard */ = {
			isa = PBXVariantGroup;
			children = (
				55140ABF1A35F8F80021CEE9 /* Base */,
			);
			name = Main.storyboard;
			sourceTree = "<group>";
		};
/* End PBXVariantGroup section */

/* Begin XCBuildConfiguration section */
		55140ACD1A35F8F80021CEE9 /* Debug */ = {
			isa = XCBuildConfiguration;
			buildSettings = {
				ALWAYS_SEARCH_USER_PATHS = NO;
				CLANG_CXX_LANGUAGE_STANDARD = "gnu++0x";
				CLANG_CXX_LIBRARY = "libc++";
				CLANG_ENABLE_MODULES = YES;
				CLANG_ENABLE_OBJC_ARC = YES;
				CLANG_WARN_BOOL_CONVERSION = YES;
				CLANG_WARN_CONSTANT_CONVERSION = YES;
				CLANG_WARN_DIRECT_OBJC_ISA_USAGE = YES_ERROR;
				CLANG_WARN_EMPTY_BODY = YES;
				CLANG_WARN_ENUM_CONVERSION = YES;
				CLANG_WARN_INT_CONVERSION = YES;
				CLANG_WARN_OBJC_ROOT_CLASS = YES_ERROR;
				CLANG_WARN_UNREACHABLE_CODE = YES;
				CLANG_WARN__DUPLICATE_METHOD_MATCH = YES;
				CODE_SIGN_IDENTITY = "-";
				COPY_PHASE_STRIP = NO;
				ENABLE_STRICT_OBJC_MSGSEND = YES;
				GCC_C_LANGUAGE_STANDARD = gnu99;
				GCC_DYNAMIC_NO_PIC = NO;
				GCC_OPTIMIZATION_LEVEL = 0;
				GCC_PREPROCESSOR_DEFINITIONS = (
					"DEBUG=1",
					"$(inherited)",
				);
				GCC_SYMBOLS_PRIVATE_EXTERN = NO;
				GCC_WARN_64_TO_32_BIT_CONVERSION = YES;
				GCC_WARN_ABOUT_RETURN_TYPE = YES_ERROR;
				GCC_WARN_UNDECLARED_SELECTOR = YES;
				GCC_WARN_UNINITIALIZED_AUTOS = YES_AGGRESSIVE;
				GCC_WARN_UNUSED_FUNCTION = YES;
				GCC_WARN_UNUSED_VARIABLE = YES;
				MACOSX_DEPLOYMENT_TARGET = 10.10;
				MTL_ENABLE_DEBUG_INFO = YES;
				ONLY_ACTIVE_ARCH = YES;
				SDKROOT = macosx;
				SWIFT_OPTIMIZATION_LEVEL = "-Onone";
			};
			name = Debug;
		};
		55140ACE1A35F8F80021CEE9 /* Release */ = {
			isa = XCBuildConfiguration;
			buildSettings = {
				ALWAYS_SEARCH_USER_PATHS = NO;
				CLANG_CXX_LANGUAGE_STANDARD = "gnu++0x";
				CLANG_CXX_LIBRARY = "libc++";
				CLANG_ENABLE_MODULES = YES;
				CLANG_ENABLE_OBJC_ARC = YES;
				CLANG_WARN_BOOL_CONVERSION = YES;
				CLANG_WARN_CONSTANT_CONVERSION = YES;
				CLANG_WARN_DIRECT_OBJC_ISA_USAGE = YES_ERROR;
				CLANG_WARN_EMPTY_BODY = YES;
				CLANG_WARN_ENUM_CONVERSION = YES;
				CLANG_WARN_INT_CONVERSION = YES;
				CLANG_WARN_OBJC_ROOT_CLASS = YES_ERROR;
				CLANG_WARN_UNREACHABLE_CODE = YES;
				CLANG_WARN__DUPLICATE_METHOD_MATCH = YES;
				CODE_SIGN_IDENTITY = "-";
				COPY_PHASE_STRIP = YES;
				DEBUG_INFORMATION_FORMAT = "dwarf-with-dsym";
				ENABLE_NS_ASSERTIONS = NO;
				ENABLE_STRICT_OBJC_MSGSEND = YES;
				GCC_C_LANGUAGE_STANDARD = gnu99;
				GCC_WARN_64_TO_32_BIT_CONVERSION = YES;
				GCC_WARN_ABOUT_RETURN_TYPE = YES_ERROR;
				GCC_WARN_UNDECLARED_SELECTOR = YES;
				GCC_WARN_UNINITIALIZED_AUTOS = YES_AGGRESSIVE;
				GCC_WARN_UNUSED_FUNCTION = YES;
				GCC_WARN_UNUSED_VARIABLE = YES;
				MACOSX_DEPLOYMENT_TARGET = 10.10;
				MTL_ENABLE_DEBUG_INFO = NO;
				SDKROOT = macosx;
			};
			name = Release;
		};
		55140AD01A35F8F80021CEE9 /* Debug */ = {
			isa = XCBuildConfiguration;
			buildSettings = {
				ASSETCATALOG_COMPILER_APPICON_NAME = AppIcon;
				COMBINE_HIDPI_IMAGES = YES;
				INFOPLIST_FILE = EndTermExamAdder/Info.plist;
				LD_RUNPATH_SEARCH_PATHS = "$(inherited) @executable_path/../Frameworks";
				PRODUCT_NAME = "$(TARGET_NAME)";
			};
			name = Debug;
		};
		55140AD11A35F8F80021CEE9 /* Release */ = {
			isa = XCBuildConfiguration;
			buildSettings = {
				ASSETCATALOG_COMPILER_APPICON_NAME = AppIcon;
				COMBINE_HIDPI_IMAGES = YES;
				INFOPLIST_FILE = EndTermExamAdder/Info.plist;
				LD_RUNPATH_SEARCH_PATHS = "$(inherited) @executable_path/../Frameworks";
				PRODUCT_NAME = "$(TARGET_NAME)";
			};
			name = Release;
		};
		55140AD31A35F8F80021CEE9 /* Debug */ = {
			isa = XCBuildConfiguration;
			buildSettings = {
				BUNDLE_LOADER = "$(TEST_HOST)";
				COMBINE_HIDPI_IMAGES = YES;
				FRAMEWORK_SEARCH_PATHS = (
					"$(DEVELOPER_FRAMEWORKS_DIR)",
					"$(inherited)",
				);
				GCC_PREPROCESSOR_DEFINITIONS = (
					"DEBUG=1",
					"$(inherited)",
				);
				INFOPLIST_FILE = EndTermExamAdderTests/Info.plist;
				LD_RUNPATH_SEARCH_PATHS = "$(inherited) @executable_path/../Frameworks @loader_path/../Frameworks";
				PRODUCT_NAME = "$(TARGET_NAME)";
				TEST_HOST = "$(BUILT_PRODUCTS_DIR)/EndTermExamAdder.app/Contents/MacOS/EndTermExamAdder";
			};
			name = Debug;
		};
		55140AD41A35F8F80021CEE9 /* Release */ = {
			isa = XCBuildConfiguration;
			buildSettings = {
				BUNDLE_LOADER = "$(TEST_HOST)";
				COMBINE_HIDPI_IMAGES = YES;
				FRAMEWORK_SEARCH_PATHS = (
					"$(DEVELOPER_FRAMEWORKS_DIR)",
					"$(inherited)",
				);
				INFOPLIST_FILE = EndTermExamAdderTests/Info.plist;
				LD_RUNPATH_SEARCH_PATHS = "$(inherited) @executable_path/../Frameworks @loader_path/../Frameworks";
				PRODUCT_NAME = "$(TARGET_NAME)";
				TEST_HOST = "$(BUILT_PRODUCTS_DIR)/EndTermExamAdder.app/Contents/MacOS/EndTermExamAdder";
			};
			name = Release;
		};
/* End XCBuildConfiguration section */

/* Begin XCConfigurationList section */
		55140AAE1A35F8F80021CEE9 /* Build configuration list for PBXProject "EndTermExamAdder" */ = {
			isa = XCConfigurationList;
			buildConfigurations = (
				55140ACD1A35F8F80021CEE9 /* Debug */,
				55140ACE1A35F8F80021CEE9 /* Release */,
			);
			defaultConfigurationIsVisible = 0;
			defaultConfigurationName = Release;
		};
		55140ACF1A35F8F80021CEE9 /* Build configuration list for PBXNativeTarget "EndTermExamAdder" */ = {
			isa = XCConfigurationList;
			buildConfigurations = (
				55140AD01A35F8F80021CEE9 /* Debug */,
				55140AD11A35F8F80021CEE9 /* Release */,
			);
			defaultConfigurationIsVisible = 0;
		};
		55140AD21A35F8F80021CEE9 /* Build configuration list for PBXNativeTarget "EndTermExamAdderTests" */ = {
			isa = XCConfigurationList;
			buildConfigurations = (
				55140AD31A35F8F80021CEE9 /* Debug */,
				55140AD41A35F8F80021CEE9 /* Release */,
			);
			defaultConfigurationIsVisible = 0;
		};
/* End XCConfigurationList section */
	};
	rootObject = 55140AAB1A35F8F80021CEE9 /* Project object */;
}
